
Microsoft Visual Studio Solution File, Format Version 12.00
# Visual Studio Version 17
VisualStudioVersion = 17.1.32228.430
MinimumVisualStudioVersion = 10.0.40219.1
Project("{9A19103F-16F7-4668-BE54-9A1E7A4F7556}") = "HashBackService", "HashBackService.csproj", "{E35E1D9D-A7AC-4612-9CF5-7C438D171AB5}"
EndProject
Project("{9A19103F-16F7-4668-BE54-9A1E7A4F7556}") = "HashBackCore", "..\HashBackCore\HashBackCore.csproj", "{6FAAD873-E642-41FF-91F5-7101F9467A09}"
EndProject
Project("{9A19103F-16F7-4668-BE54-9A1E7A4F7556}") = "HashBackCore_Tests", "..\HashBackCore_Tests\HashBackCore_Tests.csproj", "{7B59E945-4818-4F1F-93AD-9AE5068DFC46}"
EndProject
Project("{2150E333-8FDC-42A3-9474-1A3956D46DE8}") = "Solution Items", "Solution Items", "{C20F7874-E2AA-44B2-ABA4-B335EE8AA97D}"
	ProjectSection(SolutionItems) = preProject
		..\..\.gitignore = ..\..\.gitignore
		..\Docs\CallerDemo.md = ..\Docs\CallerDemo.md
		..\Docs\Hashes.md = ..\Docs\Hashes.md
		..\Docs\Home.md = ..\Docs\Home.md
		..\Docs\IssuerDemo.md = ..\Docs\IssuerDemo.md
	EndProjectSection
EndProject
Project("{FAE04EC0-301F-11D3-BF4B-00C04F79EFBC}") = "billpg.UsefulDataStructures", "..\billpg.UsefulDataStructures\billpg.UsefulDataStructures.csproj", "{DCD5B128-CFCA-4456-B618-46BE819DAFD2}"
EndProject
Global
	GlobalSection(SolutionConfigurationPlatforms) = preSolution
		Debug|Any CPU = Debug|Any CPU
		Release|Any CPU = Release|Any CPU
	EndGlobalSection
	GlobalSection(ProjectConfigurationPlatforms) = postSolution
		{E35E1D9D-A7AC-4612-9CF5-7C438D171AB5}.Debug|Any CPU.ActiveCfg = Debug|Any CPU
		{E35E1D9D-A7AC-4612-9CF5-7C438D171AB5}.Debug|Any CPU.Build.0 = Debug|Any CPU
		{E35E1D9D-A7AC-4612-9CF5-7C438D171AB5}.Release|Any CPU.ActiveCfg = Release|Any CPU
		{E35E1D9D-A7AC-4612-9CF5-7C438D171AB5}.Release|Any CPU.Build.0 = Release|Any CPU
		{6FAAD873-E642-41FF-91F5-7101F9467A09}.Debug|Any CPU.ActiveCfg = Debug|Any CPU
		{6FAAD873-E642-41FF-91F5-7101F9467A09}.Debug|Any CPU.Build.0 = Debug|Any CPU
		{6FAAD873-E642-41FF-91F5-7101F9467A09}.Release|Any CPU.ActiveCfg = Release|Any CPU
		{6FAAD873-E642-41FF-91F5-7101F9467A09}.Release|Any CPU.Build.0 = Release|Any CPU
		{7B59E945-4818-4F1F-93AD-9AE5068DFC46}.Debug|Any CPU.ActiveCfg = Debug|Any CPU
		{7B59E945-4818-4F1F-93AD-9AE5068DFC46}.Debug|Any CPU.Build.0 = Debug|Any CPU
		{7B59E945-4818-4F1F-93AD-9AE5068DFC46}.Release|Any CPU.ActiveCfg = Release|Any CPU
		{7B59E945-4818-4F1F-93AD-9AE5068DFC46}.Release|Any CPU.Build.0 = Release|Any CPU
		{DCD5B128-CFCA-4456-B618-46BE819DAFD2}.Debug|Any CPU.ActiveCfg = Debug|Any CPU
		{DCD5B128-CFCA-4456-B618-46BE819DAFD2}.Debug|Any CPU.Build.0 = Debug|Any CPU
		{DCD5B128-CFCA-4456-B618-46BE819DAFD2}.Release|Any CPU.ActiveCfg = Release|Any CPU
		{DCD5B128-CFCA-4456-B618-46BE819DAFD2}.Release|Any CPU.Build.0 = Release|Any CPU
	EndGlobalSection
	GlobalSection(SolutionProperties) = preSolution
		HideSolutionNode = FALSE
	EndGlobalSection
	GlobalSection(ExtensibilityGlobals) = postSolution
		SolutionGuid = {EC0B1601-8086-45D8-B99E-12DB26E134DC}
	EndGlobalSection
EndGlobal
