
Microsoft Visual Studio Solution File, Format Version 12.00
# Visual Studio Version 17
VisualStudioVersion = 17.14.36414.22
MinimumVisualStudioVersion = 10.0.40219.1
Project("{FAE04EC0-301F-11D3-BF4B-00C04F79EFBC}") = "billpg.HashBackAspNetCore", "billpg.HashBackAspNetCore.csproj", "{C6E3B6F1-6E9B-4E9E-9E7B-9F6A7B3C2D11}"
EndProject
Project("{FAE04EC0-301F-11D3-BF4B-00C04F79EFBC}") = "billpg.HashBackCore", "..\billpg.HashBackCore\billpg.HashBackCore.csproj", "{0E05101B-E414-4403-A059-D56E0EA4A465}"
EndProject
Project("{FAE04EC0-301F-11D3-BF4B-00C04F79EFBC}") = "billpg.HashBackAspNetCoreTests", "..\billpg.HashBackAspNetCoreTests\billpg.HashBackAspNetCoreTests.csproj", "{A7B2C3D4-1122-4E9E-9E7B-9F6A7B3C2D22}"
EndProject
Global
	GlobalSection(SolutionConfigurationPlatforms) = preSolution
		Debug|Any CPU = Debug|Any CPU
		Release|Any CPU = Release|Any CPU
	EndGlobalSection
	GlobalSection(ProjectConfigurationPlatforms) = postSolution
		{C6E3B6F1-6E9B-4E9E-9E7B-9F6A7B3C2D11}.Debug|Any CPU.ActiveCfg = Debug|Any CPU
		{C6E3B6F1-6E9B-4E9E-9E7B-9F6A7B3C2D11}.Debug|Any CPU.Build.0 = Debug|Any CPU
		{C6E3B6F1-6E9B-4E9E-9E7B-9F6A7B3C2D11}.Release|Any CPU.ActiveCfg = Release|Any CPU
		{C6E3B6F1-6E9B-4E9E-9E7B-9F6A7B3C2D11}.Release|Any CPU.Build.0 = Release|Any CPU
		{0E05101B-E414-4403-A059-D56E0EA4A465}.Debug|Any CPU.ActiveCfg = Debug|Any CPU
		{0E05101B-E414-4403-A059-D56E0EA4A465}.Debug|Any CPU.Build.0 = Debug|Any CPU
		{0E05101B-E414-4403-A059-D56E0EA4A465}.Release|Any CPU.ActiveCfg = Release|Any CPU
		{0E05101B-E414-4403-A059-D56E0EA4A465}.Release|Any CPU.Build.0 = Release|Any CPU
		{A7B2C3D4-1122-4E9E-9E7B-9F6A7B3C2D22}.Debug|Any CPU.ActiveCfg = Debug|Any CPU
		{A7B2C3D4-1122-4E9E-9E7B-9F6A7B3C2D22}.Debug|Any CPU.Build.0 = Debug|Any CPU
		{A7B2C3D4-1122-4E9E-9E7B-9F6A7B3C2D22}.Release|Any CPU.ActiveCfg = Release|Any CPU
		{A7B2C3D4-1122-4E9E-9E7B-9F6A7B3C2D22}.Release|Any CPU.Build.0 = Release|Any CPU
	EndGlobalSection
	GlobalSection(SolutionProperties) = preSolution
		HideSolutionNode = FALSE
	EndGlobalSection
	GlobalSection(ExtensibilityGlobals) = postSolution
		SolutionGuid = {5B2C7B0E-6A9E-4D2E-9C1B-7E4A6B8F1A33}
	EndGlobalSection
EndGlobal
