
Microsoft Visual Studio Solution File, Format Version 12.00
# Visual Studio Version 17
VisualStudioVersion = 17.14.36414.22
MinimumVisualStudioVersion = 10.0.40219.1
Project("{FAE04EC0-301F-11D3-BF4B-00C04F79EFBC}") = "TestDemoService", "TestDemoService.csproj", "{9DD7B96C-A83C-4DE2-85C7-F7B3B5F026B0}"
EndProject
Project("{FAE04EC0-301F-11D3-BF4B-00C04F79EFBC}") = "billpg.HashBackCore", "../billpg.HashBackCore/billpg.HashBackCore.csproj", "{D2D56507-7D7A-AB28-231A-6B39DCC306A2}"
EndProject
Global
	GlobalSection(SolutionConfigurationPlatforms) = preSolution
		Debug|Any CPU = Debug|Any CPU
		Release|Any CPU = Release|Any CPU
	EndGlobalSection
	GlobalSection(ProjectConfigurationPlatforms) = postSolution
		{9DD7B96C-A83C-4DE2-85C7-F7B3B5F026B0}.Debug|Any CPU.ActiveCfg = Debug|Any CPU
		{9DD7B96C-A83C-4DE2-85C7-F7B3B5F026B0}.Debug|Any CPU.Build.0 = Debug|Any CPU
		{9DD7B96C-A83C-4DE2-85C7-F7B3B5F026B0}.Release|Any CPU.ActiveCfg = Release|Any CPU
		{9DD7B96C-A83C-4DE2-85C7-F7B3B5F026B0}.Release|Any CPU.Build.0 = Release|Any CPU
		{D2D56507-7D7A-AB28-231A-6B39DCC306A2}.Debug|Any CPU.ActiveCfg = Debug|Any CPU
		{D2D56507-7D7A-AB28-231A-6B39DCC306A2}.Debug|Any CPU.Build.0 = Debug|Any CPU
		{D2D56507-7D7A-AB28-231A-6B39DCC306A2}.Release|Any CPU.ActiveCfg = Release|Any CPU
		{D2D56507-7D7A-AB28-231A-6B39DCC306A2}.Release|Any CPU.Build.0 = Release|Any CPU
	EndGlobalSection
	GlobalSection(SolutionProperties) = preSolution
		HideSolutionNode = FALSE
	EndGlobalSection
	GlobalSection(ExtensibilityGlobals) = postSolution
		SolutionGuid = {0CBD7C8C-4ABC-4693-B094-DB27791987DA}
	EndGlobalSection
EndGlobal
