
Microsoft Visual Studio Solution File, Format Version 12.00
# Visual Studio Version 17
VisualStudioVersion = 17.1.32228.430
MinimumVisualStudioVersion = 10.0.40219.1
Project("{9A19103F-16F7-4668-BE54-9A1E7A4F7556}") = "billpg.CrossRequestTokenExchange", "billpg.CrossRequestTokenExchange.csproj", "{4FEF68D2-5641-43F4-8CAF-2D1FD671D9D0}"
EndProject
Project("{2150E333-8FDC-42A3-9474-1A3956D46DE8}") = "Solution Items", "Solution Items", "{BAA97397-79F6-45A1-847F-F0C3F07E09BA}"
	ProjectSection(SolutionItems) = preProject
		..\README.md = ..\README.md
	EndProjectSection
EndProject
Project("{9A19103F-16F7-4668-BE54-9A1E7A4F7556}") = "UpdateReadme", "..\UpdateReadme\UpdateReadme.csproj", "{9865C97E-4D28-42C8-AB2D-62D6D3580BE7}"
EndProject
Project("{FAE04EC0-301F-11D3-BF4B-00C04F79EFBC}") = "GenFixedSalt", "..\GenFixedSalt\GenFixedSalt.csproj", "{1956C5B2-A7D2-452F-B86C-7B4FD34D1A61}"
EndProject
Global
	GlobalSection(SolutionConfigurationPlatforms) = preSolution
		Debug|Any CPU = Debug|Any CPU
		Release|Any CPU = Release|Any CPU
	EndGlobalSection
	GlobalSection(ProjectConfigurationPlatforms) = postSolution
		{4FEF68D2-5641-43F4-8CAF-2D1FD671D9D0}.Debug|Any CPU.ActiveCfg = Debug|Any CPU
		{4FEF68D2-5641-43F4-8CAF-2D1FD671D9D0}.Debug|Any CPU.Build.0 = Debug|Any CPU
		{4FEF68D2-5641-43F4-8CAF-2D1FD671D9D0}.Release|Any CPU.ActiveCfg = Release|Any CPU
		{4FEF68D2-5641-43F4-8CAF-2D1FD671D9D0}.Release|Any CPU.Build.0 = Release|Any CPU
		{9865C97E-4D28-42C8-AB2D-62D6D3580BE7}.Debug|Any CPU.ActiveCfg = Debug|Any CPU
		{9865C97E-4D28-42C8-AB2D-62D6D3580BE7}.Debug|Any CPU.Build.0 = Debug|Any CPU
		{9865C97E-4D28-42C8-AB2D-62D6D3580BE7}.Release|Any CPU.ActiveCfg = Release|Any CPU
		{9865C97E-4D28-42C8-AB2D-62D6D3580BE7}.Release|Any CPU.Build.0 = Release|Any CPU
		{1956C5B2-A7D2-452F-B86C-7B4FD34D1A61}.Debug|Any CPU.ActiveCfg = Debug|Any CPU
		{1956C5B2-A7D2-452F-B86C-7B4FD34D1A61}.Debug|Any CPU.Build.0 = Debug|Any CPU
		{1956C5B2-A7D2-452F-B86C-7B4FD34D1A61}.Release|Any CPU.ActiveCfg = Release|Any CPU
		{1956C5B2-A7D2-452F-B86C-7B4FD34D1A61}.Release|Any CPU.Build.0 = Release|Any CPU
	EndGlobalSection
	GlobalSection(SolutionProperties) = preSolution
		HideSolutionNode = FALSE
	EndGlobalSection
	GlobalSection(ExtensibilityGlobals) = postSolution
		SolutionGuid = {089D0439-F5DB-4C44-9B63-C29CEBD548A1}
	EndGlobalSection
EndGlobal
