
Microsoft Visual Studio Solution File, Format Version 12.00
# Visual Studio Version 17
VisualStudioVersion = 17.14.36414.22 d17.14
MinimumVisualStudioVersion = 10.0.40219.1
Project("{FAE04EC0-301F-11D3-BF4B-00C04F79EFBC}") = "BuildHBDSite", "BuildHBDSite.csproj", "{546F1FB1-DE12-48BB-B70E-827B53A8BA42}"
EndProject
Global
	GlobalSection(SolutionConfigurationPlatforms) = preSolution
		Debug|Any CPU = Debug|Any CPU
		Release|Any CPU = Release|Any CPU
	EndGlobalSection
	GlobalSection(ProjectConfigurationPlatforms) = postSolution
		{546F1FB1-DE12-48BB-B70E-827B53A8BA42}.Debug|Any CPU.ActiveCfg = Debug|Any CPU
		{546F1FB1-DE12-48BB-B70E-827B53A8BA42}.Debug|Any CPU.Build.0 = Debug|Any CPU
		{546F1FB1-DE12-48BB-B70E-827B53A8BA42}.Release|Any CPU.ActiveCfg = Release|Any CPU
		{546F1FB1-DE12-48BB-B70E-827B53A8BA42}.Release|Any CPU.Build.0 = Release|Any CPU
	EndGlobalSection
	GlobalSection(SolutionProperties) = preSolution
		HideSolutionNode = FALSE
	EndGlobalSection
	GlobalSection(ExtensibilityGlobals) = postSolution
		SolutionGuid = {E508394D-953A-4797-849B-0F02671F4BA4}
	EndGlobalSection
EndGlobal
